
Microsoft Visual Studio Solution File, Format Version 12.00
# Visual Studio Version 17
VisualStudioVersion = 17.11.35222.181
MinimumVisualStudioVersion = 10.0.40219.1
Project("{FAE04EC0-301F-11D3-BF4B-00C04F79EFBC}") = "MarsIncidentReporter", "MarsIncidentReporter\MarsIncidentReporter.csproj", "{17142410-DE74-4202-A74C-538C44841306}"
EndProject
Global
	GlobalSection(SolutionConfigurationPlatforms) = preSolution
		Debug|Any CPU = Debug|Any CPU
		Release|Any CPU = Release|Any CPU
	EndGlobalSection
	GlobalSection(ProjectConfigurationPlatforms) = postSolution
		{17142410-DE74-4202-A74C-538C44841306}.Debug|Any CPU.ActiveCfg = Debug|Any CPU
		{17142410-DE74-4202-A74C-538C44841306}.Debug|Any CPU.Build.0 = Debug|Any CPU
		{17142410-DE74-4202-A74C-538C44841306}.Release|Any CPU.ActiveCfg = Release|Any CPU
		{17142410-DE74-4202-A74C-538C44841306}.Release|Any CPU.Build.0 = Release|Any CPU
	EndGlobalSection
	GlobalSection(SolutionProperties) = preSolution
		HideSolutionNode = FALSE
	EndGlobalSection
	GlobalSection(ExtensibilityGlobals) = postSolution
		SolutionGuid = {4925E8BD-F277-4472-BDD2-8FD021AE45F8}
	EndGlobalSection
EndGlobal
